
Microsoft Visual Studio Solution File, Format Version 12.00
# Visual Studio Version 17
VisualStudioVersion = 17.7.34031.279
MinimumVisualStudioVersion = 10.0.40219.1
Project("{FAE04EC0-301F-11D3-BF4B-00C04F79EFBC}") = "QuanLyKho", "QuanLyKho\QuanLyKho.csproj", "{C42F7492-24EF-4602-9990-934F9E2A1E1F}"
EndProject
Global
	GlobalSection(SolutionConfigurationPlatforms) = preSolution
		Debug|Any CPU = Debug|Any CPU
		Release|Any CPU = Release|Any CPU
	EndGlobalSection
	GlobalSection(ProjectConfigurationPlatforms) = postSolution
		{C42F7492-24EF-4602-9990-934F9E2A1E1F}.Debug|Any CPU.ActiveCfg = Debug|Any CPU
		{C42F7492-24EF-4602-9990-934F9E2A1E1F}.Debug|Any CPU.Build.0 = Debug|Any CPU
		{C42F7492-24EF-4602-9990-934F9E2A1E1F}.Release|Any CPU.ActiveCfg = Release|Any CPU
		{C42F7492-24EF-4602-9990-934F9E2A1E1F}.Release|Any CPU.Build.0 = Release|Any CPU
	EndGlobalSection
	GlobalSection(SolutionProperties) = preSolution
		HideSolutionNode = FALSE
	EndGlobalSection
	GlobalSection(ExtensibilityGlobals) = postSolution
		SolutionGuid = {B84CE010-564C-4B41-83FA-DD3241E9DD06}
	EndGlobalSection
EndGlobal
